
Microsoft Visual Studio Solution File, Format Version 12.00
# Visual Studio Version 16
VisualStudioVersion = 16.0.32510.428
MinimumVisualStudioVersion = 10.0.40219.1
Project("{FAE04EC0-301F-11D3-BF4B-00C04F79EFBC}") = "WpfAutorization", "WpfAutorization\WpfAutorization.csproj", "{0A69347A-5C0E-4DA5-A561-36542B1A18D7}"
EndProject
Global
	GlobalSection(SolutionConfigurationPlatforms) = preSolution
		Debug|Any CPU = Debug|Any CPU
		Release|Any CPU = Release|Any CPU
	EndGlobalSection
	GlobalSection(ProjectConfigurationPlatforms) = postSolution
		{0A69347A-5C0E-4DA5-A561-36542B1A18D7}.Debug|Any CPU.ActiveCfg = Debug|Any CPU
		{0A69347A-5C0E-4DA5-A561-36542B1A18D7}.Debug|Any CPU.Build.0 = Debug|Any CPU
		{0A69347A-5C0E-4DA5-A561-36542B1A18D7}.Release|Any CPU.ActiveCfg = Release|Any CPU
		{0A69347A-5C0E-4DA5-A561-36542B1A18D7}.Release|Any CPU.Build.0 = Release|Any CPU
	EndGlobalSection
	GlobalSection(SolutionProperties) = preSolution
		HideSolutionNode = FALSE
	EndGlobalSection
	GlobalSection(ExtensibilityGlobals) = postSolution
		SolutionGuid = {8321B14D-AE5E-4BAE-A625-385F6F592592}
	EndGlobalSection
EndGlobal
